# THIS IS AN AUTOGENERATED FILE. DO NOT EDIT THIS FILE DIRECTLY.
# yarn lockfile v1


"@snov/core@^0.1.2":
  version "0.1.2"
  resolved "https://registry.yarnpkg.com/@snov/core/-/core-0.1.2.tgz#75876a4bb93766a90ef546c2da74fbbbcf6ef5c9"
  integrity sha512-uhGyL7bzPIeynkTAV+IPYFTDuX5oV30lzpKcCU1b4e8JPg+uQ5LBtKuGZ3aqKmSg7RgBq86wWAVAYFXB2CsO1A==

"@snov/use-core@^0.1.1":
  version "0.1.1"
  resolved "https://registry.yarnpkg.com/@snov/use-core/-/use-core-0.1.1.tgz#c798e301f7b190dff354f1c34b1ffa837a433166"
  integrity sha512-QBtS4g+p27rnx4Rrk9xr8NFj8lqnEckT4Up6LnIaLuqM281gVF5kTXsuc2HwFrdQUfjvDRjEJyJfLC461R5tZQ==
  dependencies:
    "@snov/core" "^0.1.2"
